// !$*UTF8*$!
{
	archiveVersion = 1;
	classes = {
	};
	objectVersion = 77;
	objects = {

/* Begin PBXBuildFile section */
		F2A8EE642CF33D8F0004EF05 /* AppDelegate.swift in Sources */ = {isa = PBXBuildFile; fileRef = F2A8EE4E2CF33D8F0004EF05 /* AppDelegate.swift */; };
		F2A8EE652CF33D8F0004EF05 /* SceneDelegate.swift in Sources */ = {isa = PBXBuildFile; fileRef = F2A8EE4F2CF33D8F0004EF05 /* SceneDelegate.swift */; };
		F2A8EE662CF33D8F0004EF05 /* ViewController.swift in Sources */ = {isa = PBXBuildFile; fileRef = F2A8EE532CF33D8F0004EF05 /* ViewController.swift */; };
		F2A8EE672CF33D8F0004EF05 /* ViewModel.swift in Sources */ = {isa = PBXBuildFile; fileRef = F2A8EE552CF33D8F0004EF05 /* ViewModel.swift */; };
		F2A8EE682CF33D8F0004EF05 /* Assets.xcassets in Resources */ = {isa = PBXBuildFile; fileRef = F2A8EE5E2CF33D8F0004EF05 /* Assets.xcassets */; };
		F2A8EE6A2CF33D8F0004EF05 /* LaunchScreen.storyboard in Resources */ = {isa = PBXBuildFile; fileRef = F2A8EE612CF33D8F0004EF05 /* LaunchScreen.storyboard */; };
		F2A8EE702CF33F340004EF05 /* BoxBind.swift in Sources */ = {isa = PBXBuildFile; fileRef = F2A8EE6E2CF33F340004EF05 /* BoxBind.swift */; };
		F2A8EE722CF340B80004EF05 /* MapViewController.swift in Sources */ = {isa = PBXBuildFile; fileRef = F2A8EE712CF340B80004EF05 /* MapViewController.swift */; };
		F2A8EE742CF340D40004EF05 /* MapViewModel.swift in Sources */ = {isa = PBXBuildFile; fileRef = F2A8EE732CF340D40004EF05 /* MapViewModel.swift */; };
		F2A8EE762CF343390004EF05 /* Map.storyboard in Resources */ = {isa = PBXBuildFile; fileRef = F2A8EE752CF343390004EF05 /* Map.storyboard */; };
		F2A8EEE12CF34BF20004EF05 /* UIStoryboard+Extension.swift in Sources */ = {isa = PBXBuildFile; fileRef = F2A8EEDF2CF34BF20004EF05 /* UIStoryboard+Extension.swift */; };
		F2A8EEE72CF364900004EF05 /* NSObject+EXT.swift in Sources */ = {isa = PBXBuildFile; fileRef = F2A8EEE62CF364900004EF05 /* NSObject+EXT.swift */; };
		F2A8EEE92CF38ED90004EF05 /* SCPlacemark.swift in Sources */ = {isa = PBXBuildFile; fileRef = F2A8EEE82CF38ED90004EF05 /* SCPlacemark.swift */; };
		F2A8EEEB2CF4EA320004EF05 /* CLLocationCoordinate2D + Extension.swift in Sources */ = {isa = PBXBuildFile; fileRef = F2A8EEEA2CF4EA320004EF05 /* CLLocationCoordinate2D + Extension.swift */; };
		F2A8EEF12CF4FB410004EF05 /* AddressResultTableViewController.swift in Sources */ = {isa = PBXBuildFile; fileRef = F2A8EEEF2CF4FB410004EF05 /* AddressResultTableViewController.swift */; };
		F2A8EEF32CF4FB9B0004EF05 /* MapManager.swift in Sources */ = {isa = PBXBuildFile; fileRef = F2A8EEF22CF4FB9B0004EF05 /* MapManager.swift */; };
		F2A8EEF52CF4FCC30004EF05 /* AddressResult.storyboard in Resources */ = {isa = PBXBuildFile; fileRef = F2A8EEF42CF4FCC30004EF05 /* AddressResult.storyboard */; };
		F2A8EEF72CF64D240004EF05 /* DirectionModel.swift in Sources */ = {isa = PBXBuildFile; fileRef = F2A8EEF62CF64D240004EF05 /* DirectionModel.swift */; };
		F2A8EEF92CF64FB60004EF05 /* DataManager.swift in Sources */ = {isa = PBXBuildFile; fileRef = F2A8EEF82CF64FB60004EF05 /* DataManager.swift */; };
		F2A8EEFB2CF650090004EF05 /* UserDefaults + Extension.swift in Sources */ = {isa = PBXBuildFile; fileRef = F2A8EEFA2CF650090004EF05 /* UserDefaults + Extension.swift */; };
		F2C94F042D5FDA4E00BC323A /* DataManagerTest.swift in Sources */ = {isa = PBXBuildFile; fileRef = F2C94F022D5FDA4E00BC323A /* DataManagerTest.swift */; };
		F2D935EB2D53DA4700927840 /* SectionType.swift in Sources */ = {isa = PBXBuildFile; fileRef = F2D935EA2D53DA4700927840 /* SectionType.swift */; };
		F2D936472D53F67E00927840 /* PreferResult.swift in Sources */ = {isa = PBXBuildFile; fileRef = F2D936422D53F67E00927840 /* PreferResult.swift */; };
		F2D9364C2D53F6EC00927840 /* TourModel.swift in Sources */ = {isa = PBXBuildFile; fileRef = F2D9364B2D53F6EC00927840 /* TourModel.swift */; };
		F2D9364E2D53F6F800927840 /* AlgorithmManager.swift in Sources */ = {isa = PBXBuildFile; fileRef = F2D9364D2D53F6F800927840 /* AlgorithmManager.swift */; };
		F2D936502D54C6FA00927840 /* SCAnnotation.swift in Sources */ = {isa = PBXBuildFile; fileRef = F2D9364F2D54C6FA00927840 /* SCAnnotation.swift */; };
		F2F479F52D52933B00CE530F /* Array+Extension.swift in Sources */ = {isa = PBXBuildFile; fileRef = F2F479F42D52933B00CE530F /* Array+Extension.swift */; };
		F2F479F92D529E7A00CE530F /* Helper.swift in Sources */ = {isa = PBXBuildFile; fileRef = F2F479F82D529E7A00CE530F /* Helper.swift */; };
/* End PBXBuildFile section */

/* Begin PBXContainerItemProxy section */
		F24503592D5FD9C900FD28E3 /* PBXContainerItemProxy */ = {
			isa = PBXContainerItemProxy;
			containerPortal = F2A8ED9E2CF3238F0004EF05 /* Project object */;
			proxyType = 1;
			remoteGlobalIDString = F2A8EDA52CF3238F0004EF05;
			remoteInfo = MapKit_iOS_UIKit;
		};
/* End PBXContainerItemProxy section */

/* Begin PBXFileReference section */
		F24503552D5FD9C900FD28E3 /* MapKitTests.xctest */ = {isa = PBXFileReference; explicitFileType = wrapper.cfbundle; includeInIndex = 0; path = MapKitTests.xctest; sourceTree = BUILT_PRODUCTS_DIR; };
		F2A8EDA62CF3238F0004EF05 /* MapKit_iOS_UIKit.app */ = {isa = PBXFileReference; explicitFileType = wrapper.application; includeInIndex = 0; path = MapKit_iOS_UIKit.app; sourceTree = BUILT_PRODUCTS_DIR; };
		F2A8EE4E2CF33D8F0004EF05 /* AppDelegate.swift */ = {isa = PBXFileReference; lastKnownFileType = sourcecode.swift; path = AppDelegate.swift; sourceTree = "<group>"; };
		F2A8EE4F2CF33D8F0004EF05 /* SceneDelegate.swift */ = {isa = PBXFileReference; lastKnownFileType = sourcecode.swift; path = SceneDelegate.swift; sourceTree = "<group>"; };
		F2A8EE532CF33D8F0004EF05 /* ViewController.swift */ = {isa = PBXFileReference; lastKnownFileType = sourcecode.swift; path = ViewController.swift; sourceTree = "<group>"; };
		F2A8EE552CF33D8F0004EF05 /* ViewModel.swift */ = {isa = PBXFileReference; lastKnownFileType = sourcecode.swift; path = ViewModel.swift; sourceTree = "<group>"; };
		F2A8EE5E2CF33D8F0004EF05 /* Assets.xcassets */ = {isa = PBXFileReference; lastKnownFileType = folder.assetcatalog; path = Assets.xcassets; sourceTree = "<group>"; };
		F2A8EE5F2CF33D8F0004EF05 /* Info.plist */ = {isa = PBXFileReference; lastKnownFileType = text.plist.xml; path = Info.plist; sourceTree = "<group>"; };
		F2A8EE602CF33D8F0004EF05 /* Base */ = {isa = PBXFileReference; lastKnownFileType = file.storyboard; name = Base; path = Base.lproj/LaunchScreen.storyboard; sourceTree = "<group>"; };
		F2A8EE6E2CF33F340004EF05 /* BoxBind.swift */ = {isa = PBXFileReference; lastKnownFileType = sourcecode.swift; path = BoxBind.swift; sourceTree = "<group>"; };
		F2A8EE712CF340B80004EF05 /* MapViewController.swift */ = {isa = PBXFileReference; lastKnownFileType = sourcecode.swift; path = MapViewController.swift; sourceTree = "<group>"; };
		F2A8EE732CF340D40004EF05 /* MapViewModel.swift */ = {isa = PBXFileReference; lastKnownFileType = sourcecode.swift; path = MapViewModel.swift; sourceTree = "<group>"; };
		F2A8EE752CF343390004EF05 /* Map.storyboard */ = {isa = PBXFileReference; lastKnownFileType = file.storyboard; path = Map.storyboard; sourceTree = "<group>"; };
		F2A8EEDF2CF34BF20004EF05 /* UIStoryboard+Extension.swift */ = {isa = PBXFileReference; lastKnownFileType = sourcecode.swift; path = "UIStoryboard+Extension.swift"; sourceTree = "<group>"; };
		F2A8EEE62CF364900004EF05 /* NSObject+EXT.swift */ = {isa = PBXFileReference; lastKnownFileType = sourcecode.swift; path = "NSObject+EXT.swift"; sourceTree = "<group>"; };
		F2A8EEE82CF38ED90004EF05 /* SCPlacemark.swift */ = {isa = PBXFileReference; lastKnownFileType = sourcecode.swift; path = SCPlacemark.swift; sourceTree = "<group>"; };
		F2A8EEEA2CF4EA320004EF05 /* CLLocationCoordinate2D + Extension.swift */ = {isa = PBXFileReference; lastKnownFileType = sourcecode.swift; path = "CLLocationCoordinate2D + Extension.swift"; sourceTree = "<group>"; };
		F2A8EEEF2CF4FB410004EF05 /* AddressResultTableViewController.swift */ = {isa = PBXFileReference; lastKnownFileType = sourcecode.swift; path = AddressResultTableViewController.swift; sourceTree = "<group>"; };
		F2A8EEF22CF4FB9B0004EF05 /* MapManager.swift */ = {isa = PBXFileReference; lastKnownFileType = sourcecode.swift; path = MapManager.swift; sourceTree = "<group>"; };
		F2A8EEF42CF4FCC30004EF05 /* AddressResult.storyboard */ = {isa = PBXFileReference; lastKnownFileType = file.storyboard; path = AddressResult.storyboard; sourceTree = "<group>"; };
		F2A8EEF62CF64D240004EF05 /* DirectionModel.swift */ = {isa = PBXFileReference; lastKnownFileType = sourcecode.swift; path = DirectionModel.swift; sourceTree = "<group>"; };
		F2A8EEF82CF64FB60004EF05 /* DataManager.swift */ = {isa = PBXFileReference; lastKnownFileType = sourcecode.swift; path = DataManager.swift; sourceTree = "<group>"; };
		F2A8EEFA2CF650090004EF05 /* UserDefaults + Extension.swift */ = {isa = PBXFileReference; lastKnownFileType = sourcecode.swift; path = "UserDefaults + Extension.swift"; sourceTree = "<group>"; };
		F2C94F022D5FDA4E00BC323A /* DataManagerTest.swift */ = {isa = PBXFileReference; lastKnownFileType = sourcecode.swift; path = DataManagerTest.swift; sourceTree = "<group>"; };
		F2D935EA2D53DA4700927840 /* SectionType.swift */ = {isa = PBXFileReference; lastKnownFileType = sourcecode.swift; path = SectionType.swift; sourceTree = "<group>"; };
		F2D936422D53F67E00927840 /* PreferResult.swift */ = {isa = PBXFileReference; lastKnownFileType = sourcecode.swift; path = PreferResult.swift; sourceTree = "<group>"; };
		F2D9364B2D53F6EC00927840 /* TourModel.swift */ = {isa = PBXFileReference; lastKnownFileType = sourcecode.swift; path = TourModel.swift; sourceTree = "<group>"; };
		F2D9364D2D53F6F800927840 /* AlgorithmManager.swift */ = {isa = PBXFileReference; lastKnownFileType = sourcecode.swift; path = AlgorithmManager.swift; sourceTree = "<group>"; };
		F2D9364F2D54C6FA00927840 /* SCAnnotation.swift */ = {isa = PBXFileReference; lastKnownFileType = sourcecode.swift; path = SCAnnotation.swift; sourceTree = "<group>"; };
		F2F479F42D52933B00CE530F /* Array+Extension.swift */ = {isa = PBXFileReference; lastKnownFileType = sourcecode.swift; path = "Array+Extension.swift"; sourceTree = "<group>"; };
		F2F479F82D529E7A00CE530F /* Helper.swift */ = {isa = PBXFileReference; lastKnownFileType = sourcecode.swift; path = Helper.swift; sourceTree = "<group>"; };
/* End PBXFileReference section */

/* Begin PBXFrameworksBuildPhase section */
		F24503522D5FD9C900FD28E3 /* Frameworks */ = {
			isa = PBXFrameworksBuildPhase;
			buildActionMask = 2147483647;
			files = (
			);
			runOnlyForDeploymentPostprocessing = 0;
		};
		F2A8EDA32CF3238F0004EF05 /* Frameworks */ = {
			isa = PBXFrameworksBuildPhase;
			buildActionMask = 2147483647;
			files = (
			);
			runOnlyForDeploymentPostprocessing = 0;
		};
/* End PBXFrameworksBuildPhase section */

/* Begin PBXGroup section */
		F2A8ED9D2CF3238F0004EF05 = {
			isa = PBXGroup;
			children = (
				F2A8EE632CF33D8F0004EF05 /* MapKit_iOS_UIKit */,
				F2C94F032D5FDA4E00BC323A /* MapKitTests */,
				F2A8EDA72CF3238F0004EF05 /* Products */,
			);
			sourceTree = "<group>";
		};
		F2A8EDA72CF3238F0004EF05 /* Products */ = {
			isa = PBXGroup;
			children = (
				F2A8EDA62CF3238F0004EF05 /* MapKit_iOS_UIKit.app */,
				F24503552D5FD9C900FD28E3 /* MapKitTests.xctest */,
			);
			name = Products;
			sourceTree = "<group>";
		};
		F2A8EE502CF33D8F0004EF05 /* App */ = {
			isa = PBXGroup;
			children = (
				F2A8EE4E2CF33D8F0004EF05 /* AppDelegate.swift */,
				F2A8EE4F2CF33D8F0004EF05 /* SceneDelegate.swift */,
			);
			path = App;
			sourceTree = "<group>";
		};
		F2A8EE512CF33D8F0004EF05 /* Managers */ = {
			isa = PBXGroup;
			children = (
				F2A8EEF82CF64FB60004EF05 /* DataManager.swift */,
				F2A8EEF22CF4FB9B0004EF05 /* MapManager.swift */,
			);
			path = Managers;
			sourceTree = "<group>";
		};
		F2A8EE522CF33D8F0004EF05 /* Helpers */ = {
			isa = PBXGroup;
			children = (
				F2D9364D2D53F6F800927840 /* AlgorithmManager.swift */,
				F2F479F82D529E7A00CE530F /* Helper.swift */,
				F2A8EEE02CF34BF20004EF05 /* Extensions */,
				F2A8EE512CF33D8F0004EF05 /* Managers */,
				F2A8EE6F2CF33F340004EF05 /* Binding */,
			);
			path = Helpers;
			sourceTree = "<group>";
		};
		F2A8EE542CF33D8F0004EF05 /* Controller */ = {
			isa = PBXGroup;
			children = (
				F2A8EE532CF33D8F0004EF05 /* ViewController.swift */,
			);
			path = Controller;
			sourceTree = "<group>";
		};
		F2A8EE562CF33D8F0004EF05 /* ViewModel */ = {
			isa = PBXGroup;
			children = (
				F2A8EE552CF33D8F0004EF05 /* ViewModel.swift */,
			);
			path = ViewModel;
			sourceTree = "<group>";
		};
		F2A8EE572CF33D8F0004EF05 /* Base */ = {
			isa = PBXGroup;
			children = (
				F2A8EE542CF33D8F0004EF05 /* Controller */,
				F2A8EE562CF33D8F0004EF05 /* ViewModel */,
			);
			path = Base;
			sourceTree = "<group>";
		};
		F2A8EE582CF33D8F0004EF05 /* Controller */ = {
			isa = PBXGroup;
			children = (
				F2A8EE712CF340B80004EF05 /* MapViewController.swift */,
			);
			path = Controller;
			sourceTree = "<group>";
		};
		F2A8EE592CF33D8F0004EF05 /* Model */ = {
			isa = PBXGroup;
			children = (
				F2D9364F2D54C6FA00927840 /* SCAnnotation.swift */,
				F2D9364B2D53F6EC00927840 /* TourModel.swift */,
				F2D936422D53F67E00927840 /* PreferResult.swift */,
				F2A8EEF62CF64D240004EF05 /* DirectionModel.swift */,
				F2D935EA2D53DA4700927840 /* SectionType.swift */,
				F2A8EEE82CF38ED90004EF05 /* SCPlacemark.swift */,
			);
			path = Model;
			sourceTree = "<group>";
		};
		F2A8EE5A2CF33D8F0004EF05 /* View */ = {
			isa = PBXGroup;
			children = (
			);
			path = View;
			sourceTree = "<group>";
		};
		F2A8EE5B2CF33D8F0004EF05 /* ViewModel */ = {
			isa = PBXGroup;
			children = (
				F2A8EE732CF340D40004EF05 /* MapViewModel.swift */,
			);
			path = ViewModel;
			sourceTree = "<group>";
		};
		F2A8EE5C2CF33D8F0004EF05 /* Map */ = {
			isa = PBXGroup;
			children = (
				F2A8EE752CF343390004EF05 /* Map.storyboard */,
				F2A8EE582CF33D8F0004EF05 /* Controller */,
				F2A8EE592CF33D8F0004EF05 /* Model */,
				F2A8EE5A2CF33D8F0004EF05 /* View */,
				F2A8EE5B2CF33D8F0004EF05 /* ViewModel */,
			);
			path = Map;
			sourceTree = "<group>";
		};
		F2A8EE5D2CF33D8F0004EF05 /* Modules */ = {
			isa = PBXGroup;
			children = (
				F2A8EE572CF33D8F0004EF05 /* Base */,
				F2A8EEF02CF4FB410004EF05 /* Address */,
				F2A8EE5C2CF33D8F0004EF05 /* Map */,
			);
			path = Modules;
			sourceTree = "<group>";
		};
		F2A8EE622CF33D8F0004EF05 /* Resources */ = {
			isa = PBXGroup;
			children = (
				F2A8EE5E2CF33D8F0004EF05 /* Assets.xcassets */,
				F2A8EE5F2CF33D8F0004EF05 /* Info.plist */,
				F2A8EE612CF33D8F0004EF05 /* LaunchScreen.storyboard */,
			);
			path = Resources;
			sourceTree = "<group>";
		};
		F2A8EE632CF33D8F0004EF05 /* MapKit_iOS_UIKit */ = {
			isa = PBXGroup;
			children = (
				F2A8EE502CF33D8F0004EF05 /* App */,
				F2A8EE5D2CF33D8F0004EF05 /* Modules */,
				F2A8EE522CF33D8F0004EF05 /* Helpers */,
				F2A8EE622CF33D8F0004EF05 /* Resources */,
			);
			path = MapKit_iOS_UIKit;
			sourceTree = "<group>";
		};
		F2A8EE6F2CF33F340004EF05 /* Binding */ = {
			isa = PBXGroup;
			children = (
				F2A8EE6E2CF33F340004EF05 /* BoxBind.swift */,
			);
			path = Binding;
			sourceTree = "<group>";
		};
		F2A8EEE02CF34BF20004EF05 /* Extensions */ = {
			isa = PBXGroup;
			children = (
				F2A8EEEA2CF4EA320004EF05 /* CLLocationCoordinate2D + Extension.swift */,
				F2F479F42D52933B00CE530F /* Array+Extension.swift */,
				F2A8EEFA2CF650090004EF05 /* UserDefaults + Extension.swift */,
				F2A8EEDF2CF34BF20004EF05 /* UIStoryboard+Extension.swift */,
				F2A8EEE62CF364900004EF05 /* NSObject+EXT.swift */,
			);
			path = Extensions;
			sourceTree = "<group>";
		};
		F2A8EEF02CF4FB410004EF05 /* Address */ = {
			isa = PBXGroup;
			children = (
				F2A8EEEF2CF4FB410004EF05 /* AddressResultTableViewController.swift */,
				F2A8EEF42CF4FCC30004EF05 /* AddressResult.storyboard */,
			);
			path = Address;
			sourceTree = "<group>";
		};
		F2C94F032D5FDA4E00BC323A /* MapKitTests */ = {
			isa = PBXGroup;
			children = (
				F2C94F022D5FDA4E00BC323A /* DataManagerTest.swift */,
			);
			path = MapKitTests;
			sourceTree = "<group>";
		};
/* End PBXGroup section */

/* Begin PBXNativeTarget section */
		F24503542D5FD9C900FD28E3 /* MapKitTests */ = {
			isa = PBXNativeTarget;
			buildConfigurationList = F245035B2D5FD9C900FD28E3 /* Build configuration list for PBXNativeTarget "MapKitTests" */;
			buildPhases = (
				F24503512D5FD9C900FD28E3 /* Sources */,
				F24503522D5FD9C900FD28E3 /* Frameworks */,
				F24503532D5FD9C900FD28E3 /* Resources */,
			);
			buildRules = (
			);
			dependencies = (
				F245035A2D5FD9C900FD28E3 /* PBXTargetDependency */,
			);
			name = MapKitTests;
			packageProductDependencies = (
			);
			productName = MapKitTests;
			productReference = F24503552D5FD9C900FD28E3 /* MapKitTests.xctest */;
			productType = "com.apple.product-type.bundle.unit-test";
		};
		F2A8EDA52CF3238F0004EF05 /* MapKit_iOS_UIKit */ = {
			isa = PBXNativeTarget;
			buildConfigurationList = F2A8EDB92CF323900004EF05 /* Build configuration list for PBXNativeTarget "MapKit_iOS_UIKit" */;
			buildPhases = (
				F2A8EDA22CF3238F0004EF05 /* Sources */,
				F2A8EDA32CF3238F0004EF05 /* Frameworks */,
				F2A8EDA42CF3238F0004EF05 /* Resources */,
			);
			buildRules = (
			);
			dependencies = (
			);
			name = MapKit_iOS_UIKit;
			packageProductDependencies = (
			);
			productName = MapKit_iOS_UIKit;
			productReference = F2A8EDA62CF3238F0004EF05 /* MapKit_iOS_UIKit.app */;
			productType = "com.apple.product-type.application";
		};
/* End PBXNativeTarget section */

/* Begin PBXProject section */
		F2A8ED9E2CF3238F0004EF05 /* Project object */ = {
			isa = PBXProject;
			attributes = {
				BuildIndependentTargetsInParallel = 1;
				LastSwiftUpdateCheck = 1620;
				LastUpgradeCheck = 1600;
				TargetAttributes = {
					F24503542D5FD9C900FD28E3 = {
						CreatedOnToolsVersion = 16.2;
						TestTargetID = F2A8EDA52CF3238F0004EF05;
					};
					F2A8EDA52CF3238F0004EF05 = {
						CreatedOnToolsVersion = 16.0;
					};
				};
			};
			buildConfigurationList = F2A8EDA12CF3238F0004EF05 /* Build configuration list for PBXProject "MapKit_iOS_UIKit" */;
			developmentRegion = en;
			hasScannedForEncodings = 0;
			knownRegions = (
				en,
				Base,
			);
			mainGroup = F2A8ED9D2CF3238F0004EF05;
			minimizedProjectReferenceProxies = 1;
			preferredProjectObjectVersion = 77;
			productRefGroup = F2A8EDA72CF3238F0004EF05 /* Products */;
			projectDirPath = "";
			projectRoot = "";
			targets = (
				F2A8EDA52CF3238F0004EF05 /* MapKit_iOS_UIKit */,
				F24503542D5FD9C900FD28E3 /* MapKitTests */,
			);
		};
/* End PBXProject section */

/* Begin PBXResourcesBuildPhase section */
		F24503532D5FD9C900FD28E3 /* Resources */ = {
			isa = PBXResourcesBuildPhase;
			buildActionMask = 2147483647;
			files = (
			);
			runOnlyForDeploymentPostprocessing = 0;
		};
		F2A8EDA42CF3238F0004EF05 /* Resources */ = {
			isa = PBXResourcesBuildPhase;
			buildActionMask = 2147483647;
			files = (
				F2A8EEF52CF4FCC30004EF05 /* AddressResult.storyboard in Resources */,
				F2A8EE682CF33D8F0004EF05 /* Assets.xcassets in Resources */,
				F2A8EE6A2CF33D8F0004EF05 /* LaunchScreen.storyboard in Resources */,
				F2A8EE762CF343390004EF05 /* Map.storyboard in Resources */,
			);
			runOnlyForDeploymentPostprocessing = 0;
		};
/* End PBXResourcesBuildPhase section */

/* Begin PBXSourcesBuildPhase section */
		F24503512D5FD9C900FD28E3 /* Sources */ = {
			isa = PBXSourcesBuildPhase;
			buildActionMask = 2147483647;
			files = (
				F2C94F042D5FDA4E00BC323A /* DataManagerTest.swift in Sources */,
			);
			runOnlyForDeploymentPostprocessing = 0;
		};
		F2A8EDA22CF3238F0004EF05 /* Sources */ = {
			isa = PBXSourcesBuildPhase;
			buildActionMask = 2147483647;
			files = (
				F2A8EE702CF33F340004EF05 /* BoxBind.swift in Sources */,
				F2A8EEFB2CF650090004EF05 /* UserDefaults + Extension.swift in Sources */,
				F2A8EEF92CF64FB60004EF05 /* DataManager.swift in Sources */,
				F2A8EEF12CF4FB410004EF05 /* AddressResultTableViewController.swift in Sources */,
				F2A8EE722CF340B80004EF05 /* MapViewController.swift in Sources */,
				F2A8EEE92CF38ED90004EF05 /* SCPlacemark.swift in Sources */,
				F2A8EE642CF33D8F0004EF05 /* AppDelegate.swift in Sources */,
				F2D9364C2D53F6EC00927840 /* TourModel.swift in Sources */,
				F2D9364E2D53F6F800927840 /* AlgorithmManager.swift in Sources */,
				F2F479F92D529E7A00CE530F /* Helper.swift in Sources */,
				F2A8EE652CF33D8F0004EF05 /* SceneDelegate.swift in Sources */,
				F2A8EE742CF340D40004EF05 /* MapViewModel.swift in Sources */,
				F2A8EEF72CF64D240004EF05 /* DirectionModel.swift in Sources */,
				F2A8EE662CF33D8F0004EF05 /* ViewController.swift in Sources */,
				F2F479F52D52933B00CE530F /* Array+Extension.swift in Sources */,
				F2D936502D54C6FA00927840 /* SCAnnotation.swift in Sources */,
				F2A8EEE72CF364900004EF05 /* NSObject+EXT.swift in Sources */,
				F2A8EEE12CF34BF20004EF05 /* UIStoryboard+Extension.swift in Sources */,
				F2A8EEF32CF4FB9B0004EF05 /* MapManager.swift in Sources */,
				F2A8EEEB2CF4EA320004EF05 /* CLLocationCoordinate2D + Extension.swift in Sources */,
				F2D935EB2D53DA4700927840 /* SectionType.swift in Sources */,
				F2A8EE672CF33D8F0004EF05 /* ViewModel.swift in Sources */,
				F2D936472D53F67E00927840 /* PreferResult.swift in Sources */,
			);
			runOnlyForDeploymentPostprocessing = 0;
		};
/* End PBXSourcesBuildPhase section */

/* Begin PBXTargetDependency section */
		F245035A2D5FD9C900FD28E3 /* PBXTargetDependency */ = {
			isa = PBXTargetDependency;
			target = F2A8EDA52CF3238F0004EF05 /* MapKit_iOS_UIKit */;
			targetProxy = F24503592D5FD9C900FD28E3 /* PBXContainerItemProxy */;
		};
/* End PBXTargetDependency section */

/* Begin PBXVariantGroup section */
		F2A8EE612CF33D8F0004EF05 /* LaunchScreen.storyboard */ = {
			isa = PBXVariantGroup;
			children = (
				F2A8EE602CF33D8F0004EF05 /* Base */,
			);
			name = LaunchScreen.storyboard;
			sourceTree = "<group>";
		};
/* End PBXVariantGroup section */

/* Begin XCBuildConfiguration section */
		F245035C2D5FD9C900FD28E3 /* Debug */ = {
			isa = XCBuildConfiguration;
			buildSettings = {
				BUNDLE_LOADER = "$(TEST_HOST)";
				CODE_SIGN_STYLE = Automatic;
				CURRENT_PROJECT_VERSION = 1;
				DEVELOPMENT_TEAM = 7RC8RLSUKW;
				GENERATE_INFOPLIST_FILE = YES;
				IPHONEOS_DEPLOYMENT_TARGET = 18.2;
				MARKETING_VERSION = 1.0;
				PRODUCT_BUNDLE_IDENTIFIER = com.sudhir.MapKitTests;
				PRODUCT_NAME = "$(TARGET_NAME)";
				SWIFT_EMIT_LOC_STRINGS = NO;
				SWIFT_VERSION = 5.0;
				TARGETED_DEVICE_FAMILY = "1,2";
				TEST_HOST = "$(BUILT_PRODUCTS_DIR)/MapKit_iOS_UIKit.app/$(BUNDLE_EXECUTABLE_FOLDER_PATH)/MapKit_iOS_UIKit";
			};
			name = Debug;
		};
		F245035D2D5FD9C900FD28E3 /* Release */ = {
			isa = XCBuildConfiguration;
			buildSettings = {
				BUNDLE_LOADER = "$(TEST_HOST)";
				CODE_SIGN_STYLE = Automatic;
				CURRENT_PROJECT_VERSION = 1;
				DEVELOPMENT_TEAM = 7RC8RLSUKW;
				GENERATE_INFOPLIST_FILE = YES;
				IPHONEOS_DEPLOYMENT_TARGET = 18.2;
				MARKETING_VERSION = 1.0;
				PRODUCT_BUNDLE_IDENTIFIER = com.sudhir.MapKitTests;
				PRODUCT_NAME = "$(TARGET_NAME)";
				SWIFT_EMIT_LOC_STRINGS = NO;
				SWIFT_VERSION = 5.0;
				TARGETED_DEVICE_FAMILY = "1,2";
				TEST_HOST = "$(BUILT_PRODUCTS_DIR)/MapKit_iOS_UIKit.app/$(BUNDLE_EXECUTABLE_FOLDER_PATH)/MapKit_iOS_UIKit";
			};
			name = Release;
		};
		F2A8EDBA2CF323900004EF05 /* Debug */ = {
			isa = XCBuildConfiguration;
			buildSettings = {
				ASSETCATALOG_COMPILER_APPICON_NAME = AppIcon;
				ASSETCATALOG_COMPILER_GLOBAL_ACCENT_COLOR_NAME = AccentColor;
				CODE_SIGN_STYLE = Automatic;
				CURRENT_PROJECT_VERSION = 1;
				DEVELOPMENT_TEAM = 7RC8RLSUKW;
				GENERATE_INFOPLIST_FILE = YES;
				INFOPLIST_FILE = MapKit_iOS_UIKit/Resources/Info.plist;
				INFOPLIST_KEY_UIApplicationSupportsIndirectInputEvents = YES;
				INFOPLIST_KEY_UILaunchStoryboardName = LaunchScreen;
				INFOPLIST_KEY_UISupportedInterfaceOrientations = "UIInterfaceOrientationLandscapeLeft UIInterfaceOrientationLandscapeRight UIInterfaceOrientationPortrait";
				INFOPLIST_KEY_UISupportedInterfaceOrientations_iPad = "UIInterfaceOrientationLandscapeLeft UIInterfaceOrientationLandscapeRight UIInterfaceOrientationPortrait UIInterfaceOrientationPortraitUpsideDown";
				IPHONEOS_DEPLOYMENT_TARGET = 16;
				LD_RUNPATH_SEARCH_PATHS = (
					"$(inherited)",
					"@executable_path/Frameworks",
				);
				MARKETING_VERSION = 1.0;
				PRODUCT_BUNDLE_IDENTIFIER = "com.sudhir.MapKit-iOS-UIKit";
				PRODUCT_NAME = "$(TARGET_NAME)";
				SUPPORTED_PLATFORMS = "iphoneos iphonesimulator";
				SUPPORTS_MACCATALYST = NO;
				SUPPORTS_MAC_DESIGNED_FOR_IPHONE_IPAD = NO;
				SUPPORTS_XR_DESIGNED_FOR_IPHONE_IPAD = NO;
				SWIFT_EMIT_LOC_STRINGS = YES;
				SWIFT_VERSION = 5.0;
				TARGETED_DEVICE_FAMILY = 1;
			};
			name = Debug;
		};
		F2A8EDBB2CF323900004EF05 /* Release */ = {
			isa = XCBuildConfiguration;
			buildSettings = {
				ASSETCATALOG_COMPILER_APPICON_NAME = AppIcon;
				ASSETCATALOG_COMPILER_GLOBAL_ACCENT_COLOR_NAME = AccentColor;
				CODE_SIGN_STYLE = Automatic;
				CURRENT_PROJECT_VERSION = 1;
				DEVELOPMENT_TEAM = 7RC8RLSUKW;
				GENERATE_INFOPLIST_FILE = YES;
				INFOPLIST_FILE = MapKit_iOS_UIKit/Resources/Info.plist;
				INFOPLIST_KEY_UIApplicationSupportsIndirectInputEvents = YES;
				INFOPLIST_KEY_UILaunchStoryboardName = LaunchScreen;
				INFOPLIST_KEY_UISupportedInterfaceOrientations = "UIInterfaceOrientationLandscapeLeft UIInterfaceOrientationLandscapeRight UIInterfaceOrientationPortrait";
				INFOPLIST_KEY_UISupportedInterfaceOrientations_iPad = "UIInterfaceOrientationLandscapeLeft UIInterfaceOrientationLandscapeRight UIInterfaceOrientationPortrait UIInterfaceOrientationPortraitUpsideDown";
				IPHONEOS_DEPLOYMENT_TARGET = 16;
				LD_RUNPATH_SEARCH_PATHS = (
					"$(inherited)",
					"@executable_path/Frameworks",
				);
				MARKETING_VERSION = 1.0;
				PRODUCT_BUNDLE_IDENTIFIER = "com.sudhir.MapKit-iOS-UIKit";
				PRODUCT_NAME = "$(TARGET_NAME)";
				SUPPORTED_PLATFORMS = "iphoneos iphonesimulator";
				SUPPORTS_MACCATALYST = NO;
				SUPPORTS_MAC_DESIGNED_FOR_IPHONE_IPAD = NO;
				SUPPORTS_XR_DESIGNED_FOR_IPHONE_IPAD = NO;
				SWIFT_EMIT_LOC_STRINGS = YES;
				SWIFT_VERSION = 5.0;
				TARGETED_DEVICE_FAMILY = 1;
			};
			name = Release;
		};
		F2A8EDBC2CF323900004EF05 /* Debug */ = {
			isa = XCBuildConfiguration;
			buildSettings = {
				ALWAYS_SEARCH_USER_PATHS = NO;
				ASSETCATALOG_COMPILER_GENERATE_SWIFT_ASSET_SYMBOL_EXTENSIONS = YES;
				CLANG_ANALYZER_NONNULL = YES;
				CLANG_ANALYZER_NUMBER_OBJECT_CONVERSION = YES_AGGRESSIVE;
				CLANG_CXX_LANGUAGE_STANDARD = "gnu++20";
				CLANG_ENABLE_MODULES = YES;
				CLANG_ENABLE_OBJC_ARC = YES;
				CLANG_ENABLE_OBJC_WEAK = YES;
				CLANG_WARN_BLOCK_CAPTURE_AUTORELEASING = YES;
				CLANG_WARN_BOOL_CONVERSION = YES;
				CLANG_WARN_COMMA = YES;
				CLANG_WARN_CONSTANT_CONVERSION = YES;
				CLANG_WARN_DEPRECATED_OBJC_IMPLEMENTATIONS = YES;
				CLANG_WARN_DIRECT_OBJC_ISA_USAGE = YES_ERROR;
				CLANG_WARN_DOCUMENTATION_COMMENTS = YES;
				CLANG_WARN_EMPTY_BODY = YES;
				CLANG_WARN_ENUM_CONVERSION = YES;
				CLANG_WARN_INFINITE_RECURSION = YES;
				CLANG_WARN_INT_CONVERSION = YES;
				CLANG_WARN_NON_LITERAL_NULL_CONVERSION = YES;
				CLANG_WARN_OBJC_IMPLICIT_RETAIN_SELF = YES;
				CLANG_WARN_OBJC_LITERAL_CONVERSION = YES;
				CLANG_WARN_OBJC_ROOT_CLASS = YES_ERROR;
				CLANG_WARN_QUOTED_INCLUDE_IN_FRAMEWORK_HEADER = YES;
				CLANG_WARN_RANGE_LOOP_ANALYSIS = YES;
				CLANG_WARN_STRICT_PROTOTYPES = YES;
				CLANG_WARN_SUSPICIOUS_MOVE = YES;
				CLANG_WARN_UNGUARDED_AVAILABILITY = YES_AGGRESSIVE;
				CLANG_WARN_UNREACHABLE_CODE = YES;
				CLANG_WARN__DUPLICATE_METHOD_MATCH = YES;
				COPY_PHASE_STRIP = NO;
				DEBUG_INFORMATION_FORMAT = dwarf;
				ENABLE_STRICT_OBJC_MSGSEND = YES;
				ENABLE_TESTABILITY = YES;
				ENABLE_USER_SCRIPT_SANDBOXING = YES;
				GCC_C_LANGUAGE_STANDARD = gnu17;
				GCC_DYNAMIC_NO_PIC = NO;
				GCC_NO_COMMON_BLOCKS = YES;
				GCC_OPTIMIZATION_LEVEL = 0;
				GCC_PREPROCESSOR_DEFINITIONS = (
					"DEBUG=1",
					"$(inherited)",
				);
				GCC_WARN_64_TO_32_BIT_CONVERSION = YES;
				GCC_WARN_ABOUT_RETURN_TYPE = YES_ERROR;
				GCC_WARN_UNDECLARED_SELECTOR = YES;
				GCC_WARN_UNINITIALIZED_AUTOS = YES_AGGRESSIVE;
				GCC_WARN_UNUSED_FUNCTION = YES;
				GCC_WARN_UNUSED_VARIABLE = YES;
				IPHONEOS_DEPLOYMENT_TARGET = 18.0;
				LOCALIZATION_PREFERS_STRING_CATALOGS = YES;
				MTL_ENABLE_DEBUG_INFO = INCLUDE_SOURCE;
				MTL_FAST_MATH = YES;
				ONLY_ACTIVE_ARCH = YES;
				SDKROOT = iphoneos;
				SWIFT_ACTIVE_COMPILATION_CONDITIONS = "DEBUG $(inherited)";
				SWIFT_OPTIMIZATION_LEVEL = "-Onone";
			};
			name = Debug;
		};
		F2A8EDBD2CF323900004EF05 /* Release */ = {
			isa = XCBuildConfiguration;
			buildSettings = {
				ALWAYS_SEARCH_USER_PATHS = NO;
				ASSETCATALOG_COMPILER_GENERATE_SWIFT_ASSET_SYMBOL_EXTENSIONS = YES;
				CLANG_ANALYZER_NONNULL = YES;
				CLANG_ANALYZER_NUMBER_OBJECT_CONVERSION = YES_AGGRESSIVE;
				CLANG_CXX_LANGUAGE_STANDARD = "gnu++20";
				CLANG_ENABLE_MODULES = YES;
				CLANG_ENABLE_OBJC_ARC = YES;
				CLANG_ENABLE_OBJC_WEAK = YES;
				CLANG_WARN_BLOCK_CAPTURE_AUTORELEASING = YES;
				CLANG_WARN_BOOL_CONVERSION = YES;
				CLANG_WARN_COMMA = YES;
				CLANG_WARN_CONSTANT_CONVERSION = YES;
				CLANG_WARN_DEPRECATED_OBJC_IMPLEMENTATIONS = YES;
				CLANG_WARN_DIRECT_OBJC_ISA_USAGE = YES_ERROR;
				CLANG_WARN_DOCUMENTATION_COMMENTS = YES;
				CLANG_WARN_EMPTY_BODY = YES;
				CLANG_WARN_ENUM_CONVERSION = YES;
				CLANG_WARN_INFINITE_RECURSION = YES;
				CLANG_WARN_INT_CONVERSION = YES;
				CLANG_WARN_NON_LITERAL_NULL_CONVERSION = YES;
				CLANG_WARN_OBJC_IMPLICIT_RETAIN_SELF = YES;
				CLANG_WARN_OBJC_LITERAL_CONVERSION = YES;
				CLANG_WARN_OBJC_ROOT_CLASS = YES_ERROR;
				CLANG_WARN_QUOTED_INCLUDE_IN_FRAMEWORK_HEADER = YES;
				CLANG_WARN_RANGE_LOOP_ANALYSIS = YES;
				CLANG_WARN_STRICT_PROTOTYPES = YES;
				CLANG_WARN_SUSPICIOUS_MOVE = YES;
				CLANG_WARN_UNGUARDED_AVAILABILITY = YES_AGGRESSIVE;
				CLANG_WARN_UNREACHABLE_CODE = YES;
				CLANG_WARN__DUPLICATE_METHOD_MATCH = YES;
				COPY_PHASE_STRIP = NO;
				DEBUG_INFORMATION_FORMAT = "dwarf-with-dsym";
				ENABLE_NS_ASSERTIONS = NO;
				ENABLE_STRICT_OBJC_MSGSEND = YES;
				ENABLE_USER_SCRIPT_SANDBOXING = YES;
				GCC_C_LANGUAGE_STANDARD = gnu17;
				GCC_NO_COMMON_BLOCKS = YES;
				GCC_WARN_64_TO_32_BIT_CONVERSION = YES;
				GCC_WARN_ABOUT_RETURN_TYPE = YES_ERROR;
				GCC_WARN_UNDECLARED_SELECTOR = YES;
				GCC_WARN_UNINITIALIZED_AUTOS = YES_AGGRESSIVE;
				GCC_WARN_UNUSED_FUNCTION = YES;
				GCC_WARN_UNUSED_VARIABLE = YES;
				IPHONEOS_DEPLOYMENT_TARGET = 18.0;
				LOCALIZATION_PREFERS_STRING_CATALOGS = YES;
				MTL_ENABLE_DEBUG_INFO = NO;
				MTL_FAST_MATH = YES;
				SDKROOT = iphoneos;
				SWIFT_COMPILATION_MODE = wholemodule;
				VALIDATE_PRODUCT = YES;
			};
			name = Release;
		};
/* End XCBuildConfiguration section */

/* Begin XCConfigurationList section */
		F245035B2D5FD9C900FD28E3 /* Build configuration list for PBXNativeTarget "MapKitTests" */ = {
			isa = XCConfigurationList;
			buildConfigurations = (
				F245035C2D5FD9C900FD28E3 /* Debug */,
				F245035D2D5FD9C900FD28E3 /* Release */,
			);
			defaultConfigurationIsVisible = 0;
			defaultConfigurationName = Release;
		};
		F2A8EDA12CF3238F0004EF05 /* Build configuration list for PBXProject "MapKit_iOS_UIKit" */ = {
			isa = XCConfigurationList;
			buildConfigurations = (
				F2A8EDBC2CF323900004EF05 /* Debug */,
				F2A8EDBD2CF323900004EF05 /* Release */,
			);
			defaultConfigurationIsVisible = 0;
			defaultConfigurationName = Release;
		};
		F2A8EDB92CF323900004EF05 /* Build configuration list for PBXNativeTarget "MapKit_iOS_UIKit" */ = {
			isa = XCConfigurationList;
			buildConfigurations = (
				F2A8EDBA2CF323900004EF05 /* Debug */,
				F2A8EDBB2CF323900004EF05 /* Release */,
			);
			defaultConfigurationIsVisible = 0;
			defaultConfigurationName = Release;
		};
/* End XCConfigurationList section */
	};
	rootObject = F2A8ED9E2CF3238F0004EF05 /* Project object */;
}
